
Microsoft Visual Studio Solution File, Format Version 12.00
# Visual Studio Version 16
VisualStudioVersion = 16.0.30523.141
MinimumVisualStudioVersion = 10.0.40219.1
Project("{FAE04EC0-301F-11D3-BF4B-00C04F79EFBC}") = "XMLReader Console App", "XMLReader Console App\XMLReader Console App.csproj", "{C0E686BF-D0A5-4EE9-9C6B-6977431EF2E4}"
EndProject
Global
	GlobalSection(SolutionConfigurationPlatforms) = preSolution
		Debug|Any CPU = Debug|Any CPU
		Release|Any CPU = Release|Any CPU
	EndGlobalSection
	GlobalSection(ProjectConfigurationPlatforms) = postSolution
		{C0E686BF-D0A5-4EE9-9C6B-6977431EF2E4}.Debug|Any CPU.ActiveCfg = Debug|Any CPU
		{C0E686BF-D0A5-4EE9-9C6B-6977431EF2E4}.Debug|Any CPU.Build.0 = Debug|Any CPU
		{C0E686BF-D0A5-4EE9-9C6B-6977431EF2E4}.Release|Any CPU.ActiveCfg = Release|Any CPU
		{C0E686BF-D0A5-4EE9-9C6B-6977431EF2E4}.Release|Any CPU.Build.0 = Release|Any CPU
	EndGlobalSection
	GlobalSection(SolutionProperties) = preSolution
		HideSolutionNode = FALSE
	EndGlobalSection
	GlobalSection(ExtensibilityGlobals) = postSolution
		SolutionGuid = {356F7917-4642-4E11-97E2-C4F658EFA882}
	EndGlobalSection
EndGlobal
